
Microsoft Visual Studio Solution File, Format Version 12.00
# Visual Studio Version 17
VisualStudioVersion = 17.8.34330.188
MinimumVisualStudioVersion = 10.0.40219.1
Project("{9A19103F-16F7-4668-BE54-9A1E7A4F7556}") = "GitHubWorkerService", "GitHubWorkerService\GitHubWorkerService.csproj", "{58F8EDAF-E5F6-49C1-AA3F-763718CC7695}"
EndProject
Global
	GlobalSection(SolutionConfigurationPlatforms) = preSolution
		Debug|Any CPU = Debug|Any CPU
		Release|Any CPU = Release|Any CPU
	EndGlobalSection
	GlobalSection(ProjectConfigurationPlatforms) = postSolution
		{58F8EDAF-E5F6-49C1-AA3F-763718CC7695}.Debug|Any CPU.ActiveCfg = Debug|Any CPU
		{58F8EDAF-E5F6-49C1-AA3F-763718CC7695}.Debug|Any CPU.Build.0 = Debug|Any CPU
		{58F8EDAF-E5F6-49C1-AA3F-763718CC7695}.Release|Any CPU.ActiveCfg = Release|Any CPU
		{58F8EDAF-E5F6-49C1-AA3F-763718CC7695}.Release|Any CPU.Build.0 = Release|Any CPU
	EndGlobalSection
	GlobalSection(SolutionProperties) = preSolution
		HideSolutionNode = FALSE
	EndGlobalSection
	GlobalSection(ExtensibilityGlobals) = postSolution
		SolutionGuid = {5583D219-DB74-4037-AC86-239F598DF1BC}
	EndGlobalSection
EndGlobal
